{
  "object": {
    "pins": [
      {
        "package": "SnapKit",
        "repositoryURL": "https://github.com/SnapKit/SnapKit.git",
        "state": {
          "branch": null,
          "revision": "d458564516e5676af9c70b4f4b2a9178294f1bc6",
          "version": "5.0.1"
        }
      },
      {
        "package": "SwiftyForm",
        "repositoryURL": "https://github.com/jackiehu/SwiftyForm.git",
        "state": {
          "branch": null,
          "revision": "81552cb86699b21ab9a4c5d3b030073b0bbf2fdd",
          "version": "1.0.8"
        }
      }
    ]
  },
  "version": 1
}
