// !$*UTF8*$!
{
	archiveVersion = 1;
	classes = {
	};
	objectVersion = 50;
	objects = {

/* Begin PBXBuildFile section */
		918B311027C3434700AD46F1 /* AppDelegate.swift in Sources */ = {isa = PBXBuildFile; fileRef = 918B310F27C3434700AD46F1 /* AppDelegate.swift */; };
		918B311227C3434700AD46F1 /* SceneDelegate.swift in Sources */ = {isa = PBXBuildFile; fileRef = 918B311127C3434700AD46F1 /* SceneDelegate.swift */; };
		918B311427C3434700AD46F1 /* ViewController.swift in Sources */ = {isa = PBXBuildFile; fileRef = 918B311327C3434700AD46F1 /* ViewController.swift */; };
		918B311727C3434700AD46F1 /* Main.storyboard in Resources */ = {isa = PBXBuildFile; fileRef = 918B311527C3434700AD46F1 /* Main.storyboard */; };
		918B311927C3434A00AD46F1 /* Assets.xcassets in Resources */ = {isa = PBXBuildFile; fileRef = 918B311827C3434A00AD46F1 /* Assets.xcassets */; };
		918B311C27C3434A00AD46F1 /* LaunchScreen.storyboard in Resources */ = {isa = PBXBuildFile; fileRef = 918B311A27C3434A00AD46F1 /* LaunchScreen.storyboard */; };
		918B312C27C3440400AD46F1 /* Array数组.swift in Sources */ = {isa = PBXBuildFile; fileRef = 918B312927C3440400AD46F1 /* Array数组.swift */; };
		918B312D27C3440400AD46F1 /* Dictionary字典.swift in Sources */ = {isa = PBXBuildFile; fileRef = 918B312A27C3440400AD46F1 /* Dictionary字典.swift */; };
		918B312E27C3440400AD46F1 /* Set集合.swift in Sources */ = {isa = PBXBuildFile; fileRef = 918B312B27C3440400AD46F1 /* Set集合.swift */; };
		918B315827C3680A00AD46F1 /* Stack栈.swift in Sources */ = {isa = PBXBuildFile; fileRef = 918B315727C3680A00AD46F1 /* Stack栈.swift */; };
		918B315B27C36EED00AD46F1 /* Queue队列.swift in Sources */ = {isa = PBXBuildFile; fileRef = 918B315A27C36EED00AD46F1 /* Queue队列.swift */; };
		918B315E27C38B7800AD46F1 /* List链表.swift in Sources */ = {isa = PBXBuildFile; fileRef = 918B315D27C38B7800AD46F1 /* List链表.swift */; };
		918B316727C39ACF00AD46F1 /* HashTable哈希表.swift in Sources */ = {isa = PBXBuildFile; fileRef = 918B316627C39ACF00AD46F1 /* HashTable哈希表.swift */; };
		918B316A27C39C4900AD46F1 /* Tree树.swift in Sources */ = {isa = PBXBuildFile; fileRef = 918B316927C39C4900AD46F1 /* Tree树.swift */; };
		918B316E27C3A53300AD46F1 /* Sort排序算法.swift in Sources */ = {isa = PBXBuildFile; fileRef = 918B316D27C3A53300AD46F1 /* Sort排序算法.swift */; };
		918B317127C3A85200AD46F1 /* Heap堆.swift in Sources */ = {isa = PBXBuildFile; fileRef = 918B317027C3A85200AD46F1 /* Heap堆.swift */; };
		918B317427C3A89000AD46F1 /* Graph图.swift in Sources */ = {isa = PBXBuildFile; fileRef = 918B317327C3A89000AD46F1 /* Graph图.swift */; };
/* End PBXBuildFile section */

/* Begin PBXFileReference section */
		918B310C27C3434700AD46F1 /* LearnAlgorithrn.app */ = {isa = PBXFileReference; explicitFileType = wrapper.application; includeInIndex = 0; path = LearnAlgorithrn.app; sourceTree = BUILT_PRODUCTS_DIR; };
		918B310F27C3434700AD46F1 /* AppDelegate.swift */ = {isa = PBXFileReference; lastKnownFileType = sourcecode.swift; path = AppDelegate.swift; sourceTree = "<group>"; };
		918B311127C3434700AD46F1 /* SceneDelegate.swift */ = {isa = PBXFileReference; lastKnownFileType = sourcecode.swift; path = SceneDelegate.swift; sourceTree = "<group>"; };
		918B311327C3434700AD46F1 /* ViewController.swift */ = {isa = PBXFileReference; lastKnownFileType = sourcecode.swift; path = ViewController.swift; sourceTree = "<group>"; };
		918B311627C3434700AD46F1 /* Base */ = {isa = PBXFileReference; lastKnownFileType = file.storyboard; name = Base; path = Base.lproj/Main.storyboard; sourceTree = "<group>"; };
		918B311827C3434A00AD46F1 /* Assets.xcassets */ = {isa = PBXFileReference; lastKnownFileType = folder.assetcatalog; path = Assets.xcassets; sourceTree = "<group>"; };
		918B311B27C3434A00AD46F1 /* Base */ = {isa = PBXFileReference; lastKnownFileType = file.storyboard; name = Base; path = Base.lproj/LaunchScreen.storyboard; sourceTree = "<group>"; };
		918B311D27C3434A00AD46F1 /* Info.plist */ = {isa = PBXFileReference; lastKnownFileType = text.plist.xml; path = Info.plist; sourceTree = "<group>"; };
		918B312927C3440400AD46F1 /* Array数组.swift */ = {isa = PBXFileReference; fileEncoding = 4; lastKnownFileType = sourcecode.swift; path = "Array数组.swift"; sourceTree = "<group>"; };
		918B312A27C3440400AD46F1 /* Dictionary字典.swift */ = {isa = PBXFileReference; fileEncoding = 4; lastKnownFileType = sourcecode.swift; path = "Dictionary字典.swift"; sourceTree = "<group>"; };
		918B312B27C3440400AD46F1 /* Set集合.swift */ = {isa = PBXFileReference; fileEncoding = 4; lastKnownFileType = sourcecode.swift; path = "Set集合.swift"; sourceTree = "<group>"; };
		918B315727C3680A00AD46F1 /* Stack栈.swift */ = {isa = PBXFileReference; lastKnownFileType = sourcecode.swift; path = "Stack栈.swift"; sourceTree = "<group>"; };
		918B315A27C36EED00AD46F1 /* Queue队列.swift */ = {isa = PBXFileReference; lastKnownFileType = sourcecode.swift; path = "Queue队列.swift"; sourceTree = "<group>"; };
		918B315D27C38B7800AD46F1 /* List链表.swift */ = {isa = PBXFileReference; lastKnownFileType = sourcecode.swift; path = "List链表.swift"; sourceTree = "<group>"; };
		918B316627C39ACF00AD46F1 /* HashTable哈希表.swift */ = {isa = PBXFileReference; lastKnownFileType = sourcecode.swift; path = "HashTable哈希表.swift"; sourceTree = "<group>"; };
		918B316927C39C4900AD46F1 /* Tree树.swift */ = {isa = PBXFileReference; lastKnownFileType = sourcecode.swift; path = "Tree树.swift"; sourceTree = "<group>"; };
		918B316D27C3A53300AD46F1 /* Sort排序算法.swift */ = {isa = PBXFileReference; lastKnownFileType = sourcecode.swift; path = "Sort排序算法.swift"; sourceTree = "<group>"; };
		918B317027C3A85200AD46F1 /* Heap堆.swift */ = {isa = PBXFileReference; lastKnownFileType = sourcecode.swift; path = "Heap堆.swift"; sourceTree = "<group>"; };
		918B317327C3A89000AD46F1 /* Graph图.swift */ = {isa = PBXFileReference; lastKnownFileType = sourcecode.swift; path = "Graph图.swift"; sourceTree = "<group>"; };
/* End PBXFileReference section */

/* Begin PBXFrameworksBuildPhase section */
		918B310927C3434600AD46F1 /* Frameworks */ = {
			isa = PBXFrameworksBuildPhase;
			buildActionMask = 2147483647;
			files = (
			);
			runOnlyForDeploymentPostprocessing = 0;
		};
/* End PBXFrameworksBuildPhase section */

/* Begin PBXGroup section */
		918B310327C3434600AD46F1 = {
			isa = PBXGroup;
			children = (
				918B310E27C3434700AD46F1 /* LearnAlgorithrn */,
				918B310D27C3434700AD46F1 /* Products */,
			);
			sourceTree = "<group>";
		};
		918B310D27C3434700AD46F1 /* Products */ = {
			isa = PBXGroup;
			children = (
				918B310C27C3434700AD46F1 /* LearnAlgorithrn.app */,
			);
			name = Products;
			sourceTree = "<group>";
		};
		918B310E27C3434700AD46F1 /* LearnAlgorithrn */ = {
			isa = PBXGroup;
			children = (
				918B312727C3440400AD46F1 /* 1.算法基础 */,
				918B310F27C3434700AD46F1 /* AppDelegate.swift */,
				918B311127C3434700AD46F1 /* SceneDelegate.swift */,
				918B311327C3434700AD46F1 /* ViewController.swift */,
				918B311527C3434700AD46F1 /* Main.storyboard */,
				918B311827C3434A00AD46F1 /* Assets.xcassets */,
				918B311A27C3434A00AD46F1 /* LaunchScreen.storyboard */,
				918B311D27C3434A00AD46F1 /* Info.plist */,
			);
			path = LearnAlgorithrn;
			sourceTree = "<group>";
		};
		918B312727C3440400AD46F1 /* 1.算法基础 */ = {
			isa = PBXGroup;
			children = (
				918B316C27C3A50E00AD46F1 /* 1.2常见算法 */,
				918B312827C3440400AD46F1 /* 1.1常见数据结构 */,
			);
			path = "1.算法基础";
			sourceTree = "<group>";
		};
		918B312827C3440400AD46F1 /* 1.1常见数据结构 */ = {
			isa = PBXGroup;
			children = (
				918B312927C3440400AD46F1 /* Array数组.swift */,
				918B312A27C3440400AD46F1 /* Dictionary字典.swift */,
				918B312B27C3440400AD46F1 /* Set集合.swift */,
				918B315727C3680A00AD46F1 /* Stack栈.swift */,
				918B315A27C36EED00AD46F1 /* Queue队列.swift */,
				918B315D27C38B7800AD46F1 /* List链表.swift */,
				918B316627C39ACF00AD46F1 /* HashTable哈希表.swift */,
				918B316927C39C4900AD46F1 /* Tree树.swift */,
				918B317027C3A85200AD46F1 /* Heap堆.swift */,
				918B317327C3A89000AD46F1 /* Graph图.swift */,
			);
			path = "1.1常见数据结构";
			sourceTree = "<group>";
		};
		918B316C27C3A50E00AD46F1 /* 1.2常见算法 */ = {
			isa = PBXGroup;
			children = (
				918B316D27C3A53300AD46F1 /* Sort排序算法.swift */,
			);
			path = "1.2常见算法";
			sourceTree = "<group>";
		};
/* End PBXGroup section */

/* Begin PBXNativeTarget section */
		918B310B27C3434600AD46F1 /* LearnAlgorithrn */ = {
			isa = PBXNativeTarget;
			buildConfigurationList = 918B312027C3434A00AD46F1 /* Build configuration list for PBXNativeTarget "LearnAlgorithrn" */;
			buildPhases = (
				918B310827C3434600AD46F1 /* Sources */,
				918B310927C3434600AD46F1 /* Frameworks */,
				918B310A27C3434600AD46F1 /* Resources */,
			);
			buildRules = (
			);
			dependencies = (
			);
			name = LearnAlgorithrn;
			productName = LearnAlgorithrn;
			productReference = 918B310C27C3434700AD46F1 /* LearnAlgorithrn.app */;
			productType = "com.apple.product-type.application";
		};
/* End PBXNativeTarget section */

/* Begin PBXProject section */
		918B310427C3434600AD46F1 /* Project object */ = {
			isa = PBXProject;
			attributes = {
				LastSwiftUpdateCheck = 1240;
				LastUpgradeCheck = 1240;
				TargetAttributes = {
					918B310B27C3434600AD46F1 = {
						CreatedOnToolsVersion = 12.4;
					};
				};
			};
			buildConfigurationList = 918B310727C3434600AD46F1 /* Build configuration list for PBXProject "LearnAlgorithrn" */;
			compatibilityVersion = "Xcode 9.3";
			developmentRegion = en;
			hasScannedForEncodings = 0;
			knownRegions = (
				en,
				Base,
			);
			mainGroup = 918B310327C3434600AD46F1;
			productRefGroup = 918B310D27C3434700AD46F1 /* Products */;
			projectDirPath = "";
			projectRoot = "";
			targets = (
				918B310B27C3434600AD46F1 /* LearnAlgorithrn */,
			);
		};
/* End PBXProject section */

/* Begin PBXResourcesBuildPhase section */
		918B310A27C3434600AD46F1 /* Resources */ = {
			isa = PBXResourcesBuildPhase;
			buildActionMask = 2147483647;
			files = (
				918B311C27C3434A00AD46F1 /* LaunchScreen.storyboard in Resources */,
				918B311927C3434A00AD46F1 /* Assets.xcassets in Resources */,
				918B311727C3434700AD46F1 /* Main.storyboard in Resources */,
			);
			runOnlyForDeploymentPostprocessing = 0;
		};
/* End PBXResourcesBuildPhase section */

/* Begin PBXSourcesBuildPhase section */
		918B310827C3434600AD46F1 /* Sources */ = {
			isa = PBXSourcesBuildPhase;
			buildActionMask = 2147483647;
			files = (
				918B311427C3434700AD46F1 /* ViewController.swift in Sources */,
				918B316A27C39C4900AD46F1 /* Tree树.swift in Sources */,
				918B316E27C3A53300AD46F1 /* Sort排序算法.swift in Sources */,
				918B312D27C3440400AD46F1 /* Dictionary字典.swift in Sources */,
				918B312C27C3440400AD46F1 /* Array数组.swift in Sources */,
				918B317127C3A85200AD46F1 /* Heap堆.swift in Sources */,
				918B311027C3434700AD46F1 /* AppDelegate.swift in Sources */,
				918B315827C3680A00AD46F1 /* Stack栈.swift in Sources */,
				918B312E27C3440400AD46F1 /* Set集合.swift in Sources */,
				918B311227C3434700AD46F1 /* SceneDelegate.swift in Sources */,
				918B316727C39ACF00AD46F1 /* HashTable哈希表.swift in Sources */,
				918B315B27C36EED00AD46F1 /* Queue队列.swift in Sources */,
				918B315E27C38B7800AD46F1 /* List链表.swift in Sources */,
				918B317427C3A89000AD46F1 /* Graph图.swift in Sources */,
			);
			runOnlyForDeploymentPostprocessing = 0;
		};
/* End PBXSourcesBuildPhase section */

/* Begin PBXVariantGroup section */
		918B311527C3434700AD46F1 /* Main.storyboard */ = {
			isa = PBXVariantGroup;
			children = (
				918B311627C3434700AD46F1 /* Base */,
			);
			name = Main.storyboard;
			sourceTree = "<group>";
		};
		918B311A27C3434A00AD46F1 /* LaunchScreen.storyboard */ = {
			isa = PBXVariantGroup;
			children = (
				918B311B27C3434A00AD46F1 /* Base */,
			);
			name = LaunchScreen.storyboard;
			sourceTree = "<group>";
		};
/* End PBXVariantGroup section */

/* Begin XCBuildConfiguration section */
		918B311E27C3434A00AD46F1 /* Debug */ = {
			isa = XCBuildConfiguration;
			buildSettings = {
				ALWAYS_SEARCH_USER_PATHS = NO;
				CLANG_ANALYZER_NONNULL = YES;
				CLANG_ANALYZER_NUMBER_OBJECT_CONVERSION = YES_AGGRESSIVE;
				CLANG_CXX_LANGUAGE_STANDARD = "gnu++14";
				CLANG_CXX_LIBRARY = "libc++";
				CLANG_ENABLE_MODULES = YES;
				CLANG_ENABLE_OBJC_ARC = YES;
				CLANG_ENABLE_OBJC_WEAK = YES;
				CLANG_WARN_BLOCK_CAPTURE_AUTORELEASING = YES;
				CLANG_WARN_BOOL_CONVERSION = YES;
				CLANG_WARN_COMMA = YES;
				CLANG_WARN_CONSTANT_CONVERSION = YES;
				CLANG_WARN_DEPRECATED_OBJC_IMPLEMENTATIONS = YES;
				CLANG_WARN_DIRECT_OBJC_ISA_USAGE = YES_ERROR;
				CLANG_WARN_DOCUMENTATION_COMMENTS = YES;
				CLANG_WARN_EMPTY_BODY = YES;
				CLANG_WARN_ENUM_CONVERSION = YES;
				CLANG_WARN_INFINITE_RECURSION = YES;
				CLANG_WARN_INT_CONVERSION = YES;
				CLANG_WARN_NON_LITERAL_NULL_CONVERSION = YES;
				CLANG_WARN_OBJC_IMPLICIT_RETAIN_SELF = YES;
				CLANG_WARN_OBJC_LITERAL_CONVERSION = YES;
				CLANG_WARN_OBJC_ROOT_CLASS = YES_ERROR;
				CLANG_WARN_QUOTED_INCLUDE_IN_FRAMEWORK_HEADER = YES;
				CLANG_WARN_RANGE_LOOP_ANALYSIS = YES;
				CLANG_WARN_STRICT_PROTOTYPES = YES;
				CLANG_WARN_SUSPICIOUS_MOVE = YES;
				CLANG_WARN_UNGUARDED_AVAILABILITY = YES_AGGRESSIVE;
				CLANG_WARN_UNREACHABLE_CODE = YES;
				CLANG_WARN__DUPLICATE_METHOD_MATCH = YES;
				COPY_PHASE_STRIP = NO;
				DEBUG_INFORMATION_FORMAT = dwarf;
				ENABLE_STRICT_OBJC_MSGSEND = YES;
				ENABLE_TESTABILITY = YES;
				GCC_C_LANGUAGE_STANDARD = gnu11;
				GCC_DYNAMIC_NO_PIC = NO;
				GCC_NO_COMMON_BLOCKS = YES;
				GCC_OPTIMIZATION_LEVEL = 0;
				GCC_PREPROCESSOR_DEFINITIONS = (
					"DEBUG=1",
					"$(inherited)",
				);
				GCC_WARN_64_TO_32_BIT_CONVERSION = YES;
				GCC_WARN_ABOUT_RETURN_TYPE = YES_ERROR;
				GCC_WARN_UNDECLARED_SELECTOR = YES;
				GCC_WARN_UNINITIALIZED_AUTOS = YES_AGGRESSIVE;
				GCC_WARN_UNUSED_FUNCTION = YES;
				GCC_WARN_UNUSED_VARIABLE = YES;
				IPHONEOS_DEPLOYMENT_TARGET = 14.4;
				MTL_ENABLE_DEBUG_INFO = INCLUDE_SOURCE;
				MTL_FAST_MATH = YES;
				ONLY_ACTIVE_ARCH = YES;
				SDKROOT = iphoneos;
				SWIFT_ACTIVE_COMPILATION_CONDITIONS = DEBUG;
				SWIFT_OPTIMIZATION_LEVEL = "-Onone";
			};
			name = Debug;
		};
		918B311F27C3434A00AD46F1 /* Release */ = {
			isa = XCBuildConfiguration;
			buildSettings = {
				ALWAYS_SEARCH_USER_PATHS = NO;
				CLANG_ANALYZER_NONNULL = YES;
				CLANG_ANALYZER_NUMBER_OBJECT_CONVERSION = YES_AGGRESSIVE;
				CLANG_CXX_LANGUAGE_STANDARD = "gnu++14";
				CLANG_CXX_LIBRARY = "libc++";
				CLANG_ENABLE_MODULES = YES;
				CLANG_ENABLE_OBJC_ARC = YES;
				CLANG_ENABLE_OBJC_WEAK = YES;
				CLANG_WARN_BLOCK_CAPTURE_AUTORELEASING = YES;
				CLANG_WARN_BOOL_CONVERSION = YES;
				CLANG_WARN_COMMA = YES;
				CLANG_WARN_CONSTANT_CONVERSION = YES;
				CLANG_WARN_DEPRECATED_OBJC_IMPLEMENTATIONS = YES;
				CLANG_WARN_DIRECT_OBJC_ISA_USAGE = YES_ERROR;
				CLANG_WARN_DOCUMENTATION_COMMENTS = YES;
				CLANG_WARN_EMPTY_BODY = YES;
				CLANG_WARN_ENUM_CONVERSION = YES;
				CLANG_WARN_INFINITE_RECURSION = YES;
				CLANG_WARN_INT_CONVERSION = YES;
				CLANG_WARN_NON_LITERAL_NULL_CONVERSION = YES;
				CLANG_WARN_OBJC_IMPLICIT_RETAIN_SELF = YES;
				CLANG_WARN_OBJC_LITERAL_CONVERSION = YES;
				CLANG_WARN_OBJC_ROOT_CLASS = YES_ERROR;
				CLANG_WARN_QUOTED_INCLUDE_IN_FRAMEWORK_HEADER = YES;
				CLANG_WARN_RANGE_LOOP_ANALYSIS = YES;
				CLANG_WARN_STRICT_PROTOTYPES = YES;
				CLANG_WARN_SUSPICIOUS_MOVE = YES;
				CLANG_WARN_UNGUARDED_AVAILABILITY = YES_AGGRESSIVE;
				CLANG_WARN_UNREACHABLE_CODE = YES;
				CLANG_WARN__DUPLICATE_METHOD_MATCH = YES;
				COPY_PHASE_STRIP = NO;
				DEBUG_INFORMATION_FORMAT = "dwarf-with-dsym";
				ENABLE_NS_ASSERTIONS = NO;
				ENABLE_STRICT_OBJC_MSGSEND = YES;
				GCC_C_LANGUAGE_STANDARD = gnu11;
				GCC_NO_COMMON_BLOCKS = YES;
				GCC_WARN_64_TO_32_BIT_CONVERSION = YES;
				GCC_WARN_ABOUT_RETURN_TYPE = YES_ERROR;
				GCC_WARN_UNDECLARED_SELECTOR = YES;
				GCC_WARN_UNINITIALIZED_AUTOS = YES_AGGRESSIVE;
				GCC_WARN_UNUSED_FUNCTION = YES;
				GCC_WARN_UNUSED_VARIABLE = YES;
				IPHONEOS_DEPLOYMENT_TARGET = 14.4;
				MTL_ENABLE_DEBUG_INFO = NO;
				MTL_FAST_MATH = YES;
				SDKROOT = iphoneos;
				SWIFT_COMPILATION_MODE = wholemodule;
				SWIFT_OPTIMIZATION_LEVEL = "-O";
				VALIDATE_PRODUCT = YES;
			};
			name = Release;
		};
		918B312127C3434A00AD46F1 /* Debug */ = {
			isa = XCBuildConfiguration;
			buildSettings = {
				ASSETCATALOG_COMPILER_APPICON_NAME = AppIcon;
				ASSETCATALOG_COMPILER_GLOBAL_ACCENT_COLOR_NAME = AccentColor;
				CODE_SIGN_STYLE = Automatic;
				INFOPLIST_FILE = LearnAlgorithrn/Info.plist;
				LD_RUNPATH_SEARCH_PATHS = (
					"$(inherited)",
					"@executable_path/Frameworks",
				);
				PRODUCT_BUNDLE_IDENTIFIER = hu.LearnAlgorithrn;
				PRODUCT_NAME = "$(TARGET_NAME)";
				SWIFT_VERSION = 5.0;
				TARGETED_DEVICE_FAMILY = "1,2";
			};
			name = Debug;
		};
		918B312227C3434A00AD46F1 /* Release */ = {
			isa = XCBuildConfiguration;
			buildSettings = {
				ASSETCATALOG_COMPILER_APPICON_NAME = AppIcon;
				ASSETCATALOG_COMPILER_GLOBAL_ACCENT_COLOR_NAME = AccentColor;
				CODE_SIGN_STYLE = Automatic;
				INFOPLIST_FILE = LearnAlgorithrn/Info.plist;
				LD_RUNPATH_SEARCH_PATHS = (
					"$(inherited)",
					"@executable_path/Frameworks",
				);
				PRODUCT_BUNDLE_IDENTIFIER = hu.LearnAlgorithrn;
				PRODUCT_NAME = "$(TARGET_NAME)";
				SWIFT_VERSION = 5.0;
				TARGETED_DEVICE_FAMILY = "1,2";
			};
			name = Release;
		};
/* End XCBuildConfiguration section */

/* Begin XCConfigurationList section */
		918B310727C3434600AD46F1 /* Build configuration list for PBXProject "LearnAlgorithrn" */ = {
			isa = XCConfigurationList;
			buildConfigurations = (
				918B311E27C3434A00AD46F1 /* Debug */,
				918B311F27C3434A00AD46F1 /* Release */,
			);
			defaultConfigurationIsVisible = 0;
			defaultConfigurationName = Release;
		};
		918B312027C3434A00AD46F1 /* Build configuration list for PBXNativeTarget "LearnAlgorithrn" */ = {
			isa = XCConfigurationList;
			buildConfigurations = (
				918B312127C3434A00AD46F1 /* Debug */,
				918B312227C3434A00AD46F1 /* Release */,
			);
			defaultConfigurationIsVisible = 0;
			defaultConfigurationName = Release;
		};
/* End XCConfigurationList section */
	};
	rootObject = 918B310427C3434600AD46F1 /* Project object */;
}
