// !$*UTF8*$!
{
	archiveVersion = 1;
	classes = {
	};
	objectVersion = 52;
	objects = {

/* Begin PBXBuildFile section */
		91212EE927C5DDFA00501343 /* SimpleGraphs.swift in Sources */ = {isa = PBXBuildFile; fileRef = 91212EE827C5DDFA00501343 /* SimpleGraphs.swift */; };
		91212EEC27C60EAD00501343 /* InsertionSort.swift in Sources */ = {isa = PBXBuildFile; fileRef = 91212EEB27C60EAD00501343 /* InsertionSort.swift */; };
		91212EF427C6113B00501343 /* SwiftyForm in Frameworks */ = {isa = PBXBuildFile; productRef = 91212EF327C6113B00501343 /* SwiftyForm */; };
		91212EF827C6246400501343 /* SelectionSort.swift in Sources */ = {isa = PBXBuildFile; fileRef = 91212EF727C6246400501343 /* SelectionSort.swift */; };
		91212EFB27C6337000501343 /* BubbleSort.swift in Sources */ = {isa = PBXBuildFile; fileRef = 91212EFA27C6337000501343 /* BubbleSort.swift */; };
		91212EFF27C6375D00501343 /* ShellSort.swift in Sources */ = {isa = PBXBuildFile; fileRef = 91212EFE27C6375D00501343 /* ShellSort.swift */; };
		91212F0227C63DC900501343 /* QuickSort.swift in Sources */ = {isa = PBXBuildFile; fileRef = 91212F0127C63DC900501343 /* QuickSort.swift */; };
		918B311027C3434700AD46F1 /* AppDelegate.swift in Sources */ = {isa = PBXBuildFile; fileRef = 918B310F27C3434700AD46F1 /* AppDelegate.swift */; };
		918B311227C3434700AD46F1 /* SceneDelegate.swift in Sources */ = {isa = PBXBuildFile; fileRef = 918B311127C3434700AD46F1 /* SceneDelegate.swift */; };
		918B311427C3434700AD46F1 /* ViewController.swift in Sources */ = {isa = PBXBuildFile; fileRef = 918B311327C3434700AD46F1 /* ViewController.swift */; };
		918B311727C3434700AD46F1 /* Main.storyboard in Resources */ = {isa = PBXBuildFile; fileRef = 918B311527C3434700AD46F1 /* Main.storyboard */; };
		918B311927C3434A00AD46F1 /* Assets.xcassets in Resources */ = {isa = PBXBuildFile; fileRef = 918B311827C3434A00AD46F1 /* Assets.xcassets */; };
		918B311C27C3434A00AD46F1 /* LaunchScreen.storyboard in Resources */ = {isa = PBXBuildFile; fileRef = 918B311A27C3434A00AD46F1 /* LaunchScreen.storyboard */; };
		918B312C27C3440400AD46F1 /* Arrays.swift in Sources */ = {isa = PBXBuildFile; fileRef = 918B312927C3440400AD46F1 /* Arrays.swift */; };
		918B312D27C3440400AD46F1 /* Dictionarys.swift in Sources */ = {isa = PBXBuildFile; fileRef = 918B312A27C3440400AD46F1 /* Dictionarys.swift */; };
		918B312E27C3440400AD46F1 /* Sets.swift in Sources */ = {isa = PBXBuildFile; fileRef = 918B312B27C3440400AD46F1 /* Sets.swift */; };
		918B315827C3680A00AD46F1 /* Stacks.swift in Sources */ = {isa = PBXBuildFile; fileRef = 918B315727C3680A00AD46F1 /* Stacks.swift */; };
		918B315B27C36EED00AD46F1 /* Queues.swift in Sources */ = {isa = PBXBuildFile; fileRef = 918B315A27C36EED00AD46F1 /* Queues.swift */; };
		918B316727C39ACF00AD46F1 /* HashTables.swift in Sources */ = {isa = PBXBuildFile; fileRef = 918B316627C39ACF00AD46F1 /* HashTables.swift */; };
		918B316A27C39C4900AD46F1 /* Tree.swift in Sources */ = {isa = PBXBuildFile; fileRef = 918B316927C39C4900AD46F1 /* Tree.swift */; };
		918B317127C3A85200AD46F1 /* Heaps.swift in Sources */ = {isa = PBXBuildFile; fileRef = 918B317027C3A85200AD46F1 /* Heaps.swift */; };
		918B317427C3A89000AD46F1 /* Graphs.swift in Sources */ = {isa = PBXBuildFile; fileRef = 918B317327C3A89000AD46F1 /* Graphs.swift */; };
		918B320327C4E74D00AD46F1 /* Single.swift in Sources */ = {isa = PBXBuildFile; fileRef = 918B320227C4E74D00AD46F1 /* Single.swift */; };
		918B320827C4EA9E00AD46F1 /* Double.swift in Sources */ = {isa = PBXBuildFile; fileRef = 918B320727C4EA9E00AD46F1 /* Double.swift */; };
		918B320B27C4EB0600AD46F1 /* Circular.swift in Sources */ = {isa = PBXBuildFile; fileRef = 918B320A27C4EB0600AD46F1 /* Circular.swift */; };
		918B321227C4EE5900AD46F1 /* BinaryTrees.swift in Sources */ = {isa = PBXBuildFile; fileRef = 918B321127C4EE5900AD46F1 /* BinaryTrees.swift */; };
		918B321627C4F1B900AD46F1 /* BinarySearchTrees.swift in Sources */ = {isa = PBXBuildFile; fileRef = 918B321527C4F1B900AD46F1 /* BinarySearchTrees.swift */; };
		918B321B27C4F5E500AD46F1 /* AVLTrees.swift in Sources */ = {isa = PBXBuildFile; fileRef = 918B321A27C4F5E500AD46F1 /* AVLTrees.swift */; };
/* End PBXBuildFile section */

/* Begin PBXFileReference section */
		91212EE827C5DDFA00501343 /* SimpleGraphs.swift */ = {isa = PBXFileReference; lastKnownFileType = sourcecode.swift; path = SimpleGraphs.swift; sourceTree = "<group>"; };
		91212EEB27C60EAD00501343 /* InsertionSort.swift */ = {isa = PBXFileReference; lastKnownFileType = sourcecode.swift; path = InsertionSort.swift; sourceTree = "<group>"; };
		91212EF727C6246400501343 /* SelectionSort.swift */ = {isa = PBXFileReference; lastKnownFileType = sourcecode.swift; path = SelectionSort.swift; sourceTree = "<group>"; };
		91212EFA27C6337000501343 /* BubbleSort.swift */ = {isa = PBXFileReference; lastKnownFileType = sourcecode.swift; path = BubbleSort.swift; sourceTree = "<group>"; };
		91212EFE27C6375D00501343 /* ShellSort.swift */ = {isa = PBXFileReference; lastKnownFileType = sourcecode.swift; path = ShellSort.swift; sourceTree = "<group>"; };
		91212F0127C63DC900501343 /* QuickSort.swift */ = {isa = PBXFileReference; lastKnownFileType = sourcecode.swift; path = QuickSort.swift; sourceTree = "<group>"; };
		918B310C27C3434700AD46F1 /* LearnAlgorithrn.app */ = {isa = PBXFileReference; explicitFileType = wrapper.application; includeInIndex = 0; path = LearnAlgorithrn.app; sourceTree = BUILT_PRODUCTS_DIR; };
		918B310F27C3434700AD46F1 /* AppDelegate.swift */ = {isa = PBXFileReference; lastKnownFileType = sourcecode.swift; path = AppDelegate.swift; sourceTree = "<group>"; };
		918B311127C3434700AD46F1 /* SceneDelegate.swift */ = {isa = PBXFileReference; lastKnownFileType = sourcecode.swift; path = SceneDelegate.swift; sourceTree = "<group>"; };
		918B311327C3434700AD46F1 /* ViewController.swift */ = {isa = PBXFileReference; lastKnownFileType = sourcecode.swift; path = ViewController.swift; sourceTree = "<group>"; };
		918B311627C3434700AD46F1 /* Base */ = {isa = PBXFileReference; lastKnownFileType = file.storyboard; name = Base; path = Base.lproj/Main.storyboard; sourceTree = "<group>"; };
		918B311827C3434A00AD46F1 /* Assets.xcassets */ = {isa = PBXFileReference; lastKnownFileType = folder.assetcatalog; path = Assets.xcassets; sourceTree = "<group>"; };
		918B311B27C3434A00AD46F1 /* Base */ = {isa = PBXFileReference; lastKnownFileType = file.storyboard; name = Base; path = Base.lproj/LaunchScreen.storyboard; sourceTree = "<group>"; };
		918B311D27C3434A00AD46F1 /* Info.plist */ = {isa = PBXFileReference; lastKnownFileType = text.plist.xml; path = Info.plist; sourceTree = "<group>"; };
		918B312927C3440400AD46F1 /* Arrays.swift */ = {isa = PBXFileReference; fileEncoding = 4; lastKnownFileType = sourcecode.swift; path = Arrays.swift; sourceTree = "<group>"; };
		918B312A27C3440400AD46F1 /* Dictionarys.swift */ = {isa = PBXFileReference; fileEncoding = 4; lastKnownFileType = sourcecode.swift; path = Dictionarys.swift; sourceTree = "<group>"; };
		918B312B27C3440400AD46F1 /* Sets.swift */ = {isa = PBXFileReference; fileEncoding = 4; lastKnownFileType = sourcecode.swift; path = Sets.swift; sourceTree = "<group>"; };
		918B315727C3680A00AD46F1 /* Stacks.swift */ = {isa = PBXFileReference; lastKnownFileType = sourcecode.swift; path = Stacks.swift; sourceTree = "<group>"; };
		918B315A27C36EED00AD46F1 /* Queues.swift */ = {isa = PBXFileReference; lastKnownFileType = sourcecode.swift; path = Queues.swift; sourceTree = "<group>"; };
		918B316627C39ACF00AD46F1 /* HashTables.swift */ = {isa = PBXFileReference; lastKnownFileType = sourcecode.swift; path = HashTables.swift; sourceTree = "<group>"; };
		918B316927C39C4900AD46F1 /* Tree.swift */ = {isa = PBXFileReference; lastKnownFileType = sourcecode.swift; path = Tree.swift; sourceTree = "<group>"; };
		918B317027C3A85200AD46F1 /* Heaps.swift */ = {isa = PBXFileReference; lastKnownFileType = sourcecode.swift; path = Heaps.swift; sourceTree = "<group>"; };
		918B317327C3A89000AD46F1 /* Graphs.swift */ = {isa = PBXFileReference; lastKnownFileType = sourcecode.swift; path = Graphs.swift; sourceTree = "<group>"; };
		918B320227C4E74D00AD46F1 /* Single.swift */ = {isa = PBXFileReference; lastKnownFileType = sourcecode.swift; path = Single.swift; sourceTree = "<group>"; };
		918B320727C4EA9E00AD46F1 /* Double.swift */ = {isa = PBXFileReference; lastKnownFileType = sourcecode.swift; path = Double.swift; sourceTree = "<group>"; };
		918B320A27C4EB0600AD46F1 /* Circular.swift */ = {isa = PBXFileReference; lastKnownFileType = sourcecode.swift; path = Circular.swift; sourceTree = "<group>"; };
		918B321127C4EE5900AD46F1 /* BinaryTrees.swift */ = {isa = PBXFileReference; lastKnownFileType = sourcecode.swift; path = BinaryTrees.swift; sourceTree = "<group>"; };
		918B321527C4F1B900AD46F1 /* BinarySearchTrees.swift */ = {isa = PBXFileReference; lastKnownFileType = sourcecode.swift; path = BinarySearchTrees.swift; sourceTree = "<group>"; };
		918B321A27C4F5E500AD46F1 /* AVLTrees.swift */ = {isa = PBXFileReference; lastKnownFileType = sourcecode.swift; path = AVLTrees.swift; sourceTree = "<group>"; };
/* End PBXFileReference section */

/* Begin PBXFrameworksBuildPhase section */
		918B310927C3434600AD46F1 /* Frameworks */ = {
			isa = PBXFrameworksBuildPhase;
			buildActionMask = 2147483647;
			files = (
				91212EF427C6113B00501343 /* SwiftyForm in Frameworks */,
			);
			runOnlyForDeploymentPostprocessing = 0;
		};
/* End PBXFrameworksBuildPhase section */

/* Begin PBXGroup section */
		918B310327C3434600AD46F1 = {
			isa = PBXGroup;
			children = (
				918B310E27C3434700AD46F1 /* LearnAlgorithrn */,
				918B310D27C3434700AD46F1 /* Products */,
			);
			sourceTree = "<group>";
		};
		918B310D27C3434700AD46F1 /* Products */ = {
			isa = PBXGroup;
			children = (
				918B310C27C3434700AD46F1 /* LearnAlgorithrn.app */,
			);
			name = Products;
			sourceTree = "<group>";
		};
		918B310E27C3434700AD46F1 /* LearnAlgorithrn */ = {
			isa = PBXGroup;
			children = (
				918B312727C3440400AD46F1 /* 1.算法基础 */,
				918B310F27C3434700AD46F1 /* AppDelegate.swift */,
				918B311127C3434700AD46F1 /* SceneDelegate.swift */,
				918B311327C3434700AD46F1 /* ViewController.swift */,
				918B311527C3434700AD46F1 /* Main.storyboard */,
				918B311827C3434A00AD46F1 /* Assets.xcassets */,
				918B311A27C3434A00AD46F1 /* LaunchScreen.storyboard */,
				918B311D27C3434A00AD46F1 /* Info.plist */,
			);
			path = LearnAlgorithrn;
			sourceTree = "<group>";
		};
		918B312727C3440400AD46F1 /* 1.算法基础 */ = {
			isa = PBXGroup;
			children = (
				918B316C27C3A50E00AD46F1 /* 1.2常见算法 */,
				918B312827C3440400AD46F1 /* 1.1常见数据结构 */,
			);
			path = "1.算法基础";
			sourceTree = "<group>";
		};
		918B312827C3440400AD46F1 /* 1.1常见数据结构 */ = {
			isa = PBXGroup;
			children = (
				918B321027C4EB5500AD46F1 /* 图 */,
				918B320F27C4EB4C00AD46F1 /* 堆 */,
				918B320E27C4EB3F00AD46F1 /* 树 */,
				918B320127C4E4F000AD46F1 /* 链表 */,
				918B31FE27C4E4A100AD46F1 /* 队列 */,
				918B31FC27C4E47E00AD46F1 /* 栈 */,
				918B31F927C4E44300AD46F1 /* 散列表哈希表 */,
				918B31F727C4E42100AD46F1 /* 集合 */,
				918B31F527C4E3F000AD46F1 /* 字典 */,
				918B31F327C4E37B00AD46F1 /* 数组 */,
			);
			path = "1.1常见数据结构";
			sourceTree = "<group>";
		};
		918B316C27C3A50E00AD46F1 /* 1.2常见算法 */ = {
			isa = PBXGroup;
			children = (
				91212EFA27C6337000501343 /* BubbleSort.swift */,
				91212EEB27C60EAD00501343 /* InsertionSort.swift */,
				91212EFE27C6375D00501343 /* ShellSort.swift */,
				91212EF727C6246400501343 /* SelectionSort.swift */,
				91212F0127C63DC900501343 /* QuickSort.swift */,
			);
			path = "1.2常见算法";
			sourceTree = "<group>";
		};
		918B31F327C4E37B00AD46F1 /* 数组 */ = {
			isa = PBXGroup;
			children = (
				918B312927C3440400AD46F1 /* Arrays.swift */,
			);
			path = "数组";
			sourceTree = "<group>";
		};
		918B31F527C4E3F000AD46F1 /* 字典 */ = {
			isa = PBXGroup;
			children = (
				918B312A27C3440400AD46F1 /* Dictionarys.swift */,
			);
			path = "字典";
			sourceTree = "<group>";
		};
		918B31F727C4E42100AD46F1 /* 集合 */ = {
			isa = PBXGroup;
			children = (
				918B312B27C3440400AD46F1 /* Sets.swift */,
			);
			path = "集合";
			sourceTree = "<group>";
		};
		918B31F927C4E44300AD46F1 /* 散列表哈希表 */ = {
			isa = PBXGroup;
			children = (
				918B316627C39ACF00AD46F1 /* HashTables.swift */,
			);
			path = "散列表哈希表";
			sourceTree = "<group>";
		};
		918B31FC27C4E47E00AD46F1 /* 栈 */ = {
			isa = PBXGroup;
			children = (
				918B315727C3680A00AD46F1 /* Stacks.swift */,
			);
			path = "栈";
			sourceTree = "<group>";
		};
		918B31FE27C4E4A100AD46F1 /* 队列 */ = {
			isa = PBXGroup;
			children = (
				918B315A27C36EED00AD46F1 /* Queues.swift */,
			);
			path = "队列";
			sourceTree = "<group>";
		};
		918B320127C4E4F000AD46F1 /* 链表 */ = {
			isa = PBXGroup;
			children = (
				918B320227C4E74D00AD46F1 /* Single.swift */,
				918B320727C4EA9E00AD46F1 /* Double.swift */,
				918B320A27C4EB0600AD46F1 /* Circular.swift */,
			);
			path = "链表";
			sourceTree = "<group>";
		};
		918B320E27C4EB3F00AD46F1 /* 树 */ = {
			isa = PBXGroup;
			children = (
				918B316927C39C4900AD46F1 /* Tree.swift */,
				918B321127C4EE5900AD46F1 /* BinaryTrees.swift */,
				918B321527C4F1B900AD46F1 /* BinarySearchTrees.swift */,
				918B321A27C4F5E500AD46F1 /* AVLTrees.swift */,
			);
			path = "树";
			sourceTree = "<group>";
		};
		918B320F27C4EB4C00AD46F1 /* 堆 */ = {
			isa = PBXGroup;
			children = (
				918B317027C3A85200AD46F1 /* Heaps.swift */,
			);
			path = "堆";
			sourceTree = "<group>";
		};
		918B321027C4EB5500AD46F1 /* 图 */ = {
			isa = PBXGroup;
			children = (
				918B317327C3A89000AD46F1 /* Graphs.swift */,
				91212EE827C5DDFA00501343 /* SimpleGraphs.swift */,
			);
			path = "图";
			sourceTree = "<group>";
		};
/* End PBXGroup section */

/* Begin PBXNativeTarget section */
		918B310B27C3434600AD46F1 /* LearnAlgorithrn */ = {
			isa = PBXNativeTarget;
			buildConfigurationList = 918B312027C3434A00AD46F1 /* Build configuration list for PBXNativeTarget "LearnAlgorithrn" */;
			buildPhases = (
				918B310827C3434600AD46F1 /* Sources */,
				918B310927C3434600AD46F1 /* Frameworks */,
				918B310A27C3434600AD46F1 /* Resources */,
			);
			buildRules = (
			);
			dependencies = (
			);
			name = LearnAlgorithrn;
			packageProductDependencies = (
				91212EF327C6113B00501343 /* SwiftyForm */,
			);
			productName = LearnAlgorithrn;
			productReference = 918B310C27C3434700AD46F1 /* LearnAlgorithrn.app */;
			productType = "com.apple.product-type.application";
		};
/* End PBXNativeTarget section */

/* Begin PBXProject section */
		918B310427C3434600AD46F1 /* Project object */ = {
			isa = PBXProject;
			attributes = {
				LastSwiftUpdateCheck = 1240;
				LastUpgradeCheck = 1240;
				TargetAttributes = {
					918B310B27C3434600AD46F1 = {
						CreatedOnToolsVersion = 12.4;
					};
				};
			};
			buildConfigurationList = 918B310727C3434600AD46F1 /* Build configuration list for PBXProject "LearnAlgorithrn" */;
			compatibilityVersion = "Xcode 9.3";
			developmentRegion = en;
			hasScannedForEncodings = 0;
			knownRegions = (
				en,
				Base,
			);
			mainGroup = 918B310327C3434600AD46F1;
			packageReferences = (
				91212EF227C6113B00501343 /* XCRemoteSwiftPackageReference "SwiftyForm" */,
			);
			productRefGroup = 918B310D27C3434700AD46F1 /* Products */;
			projectDirPath = "";
			projectRoot = "";
			targets = (
				918B310B27C3434600AD46F1 /* LearnAlgorithrn */,
			);
		};
/* End PBXProject section */

/* Begin PBXResourcesBuildPhase section */
		918B310A27C3434600AD46F1 /* Resources */ = {
			isa = PBXResourcesBuildPhase;
			buildActionMask = 2147483647;
			files = (
				918B311C27C3434A00AD46F1 /* LaunchScreen.storyboard in Resources */,
				918B311927C3434A00AD46F1 /* Assets.xcassets in Resources */,
				918B311727C3434700AD46F1 /* Main.storyboard in Resources */,
			);
			runOnlyForDeploymentPostprocessing = 0;
		};
/* End PBXResourcesBuildPhase section */

/* Begin PBXSourcesBuildPhase section */
		918B310827C3434600AD46F1 /* Sources */ = {
			isa = PBXSourcesBuildPhase;
			buildActionMask = 2147483647;
			files = (
				918B321227C4EE5900AD46F1 /* BinaryTrees.swift in Sources */,
				918B311427C3434700AD46F1 /* ViewController.swift in Sources */,
				918B316A27C39C4900AD46F1 /* Tree.swift in Sources */,
				91212EEC27C60EAD00501343 /* InsertionSort.swift in Sources */,
				91212EF827C6246400501343 /* SelectionSort.swift in Sources */,
				918B320B27C4EB0600AD46F1 /* Circular.swift in Sources */,
				918B320827C4EA9E00AD46F1 /* Double.swift in Sources */,
				91212F0227C63DC900501343 /* QuickSort.swift in Sources */,
				918B312D27C3440400AD46F1 /* Dictionarys.swift in Sources */,
				918B312C27C3440400AD46F1 /* Arrays.swift in Sources */,
				918B317127C3A85200AD46F1 /* Heaps.swift in Sources */,
				918B311027C3434700AD46F1 /* AppDelegate.swift in Sources */,
				918B315827C3680A00AD46F1 /* Stacks.swift in Sources */,
				918B312E27C3440400AD46F1 /* Sets.swift in Sources */,
				91212EE927C5DDFA00501343 /* SimpleGraphs.swift in Sources */,
				918B311227C3434700AD46F1 /* SceneDelegate.swift in Sources */,
				918B316727C39ACF00AD46F1 /* HashTables.swift in Sources */,
				918B321627C4F1B900AD46F1 /* BinarySearchTrees.swift in Sources */,
				918B315B27C36EED00AD46F1 /* Queues.swift in Sources */,
				918B320327C4E74D00AD46F1 /* Single.swift in Sources */,
				918B317427C3A89000AD46F1 /* Graphs.swift in Sources */,
				91212EFF27C6375D00501343 /* ShellSort.swift in Sources */,
				918B321B27C4F5E500AD46F1 /* AVLTrees.swift in Sources */,
				91212EFB27C6337000501343 /* BubbleSort.swift in Sources */,
			);
			runOnlyForDeploymentPostprocessing = 0;
		};
/* End PBXSourcesBuildPhase section */

/* Begin PBXVariantGroup section */
		918B311527C3434700AD46F1 /* Main.storyboard */ = {
			isa = PBXVariantGroup;
			children = (
				918B311627C3434700AD46F1 /* Base */,
			);
			name = Main.storyboard;
			sourceTree = "<group>";
		};
		918B311A27C3434A00AD46F1 /* LaunchScreen.storyboard */ = {
			isa = PBXVariantGroup;
			children = (
				918B311B27C3434A00AD46F1 /* Base */,
			);
			name = LaunchScreen.storyboard;
			sourceTree = "<group>";
		};
/* End PBXVariantGroup section */

/* Begin XCBuildConfiguration section */
		918B311E27C3434A00AD46F1 /* Debug */ = {
			isa = XCBuildConfiguration;
			buildSettings = {
				ALWAYS_SEARCH_USER_PATHS = NO;
				CLANG_ANALYZER_NONNULL = YES;
				CLANG_ANALYZER_NUMBER_OBJECT_CONVERSION = YES_AGGRESSIVE;
				CLANG_CXX_LANGUAGE_STANDARD = "gnu++14";
				CLANG_CXX_LIBRARY = "libc++";
				CLANG_ENABLE_MODULES = YES;
				CLANG_ENABLE_OBJC_ARC = YES;
				CLANG_ENABLE_OBJC_WEAK = YES;
				CLANG_WARN_BLOCK_CAPTURE_AUTORELEASING = YES;
				CLANG_WARN_BOOL_CONVERSION = YES;
				CLANG_WARN_COMMA = YES;
				CLANG_WARN_CONSTANT_CONVERSION = YES;
				CLANG_WARN_DEPRECATED_OBJC_IMPLEMENTATIONS = YES;
				CLANG_WARN_DIRECT_OBJC_ISA_USAGE = YES_ERROR;
				CLANG_WARN_DOCUMENTATION_COMMENTS = YES;
				CLANG_WARN_EMPTY_BODY = YES;
				CLANG_WARN_ENUM_CONVERSION = YES;
				CLANG_WARN_INFINITE_RECURSION = YES;
				CLANG_WARN_INT_CONVERSION = YES;
				CLANG_WARN_NON_LITERAL_NULL_CONVERSION = YES;
				CLANG_WARN_OBJC_IMPLICIT_RETAIN_SELF = YES;
				CLANG_WARN_OBJC_LITERAL_CONVERSION = YES;
				CLANG_WARN_OBJC_ROOT_CLASS = YES_ERROR;
				CLANG_WARN_QUOTED_INCLUDE_IN_FRAMEWORK_HEADER = YES;
				CLANG_WARN_RANGE_LOOP_ANALYSIS = YES;
				CLANG_WARN_STRICT_PROTOTYPES = YES;
				CLANG_WARN_SUSPICIOUS_MOVE = YES;
				CLANG_WARN_UNGUARDED_AVAILABILITY = YES_AGGRESSIVE;
				CLANG_WARN_UNREACHABLE_CODE = YES;
				CLANG_WARN__DUPLICATE_METHOD_MATCH = YES;
				COPY_PHASE_STRIP = NO;
				DEBUG_INFORMATION_FORMAT = dwarf;
				ENABLE_STRICT_OBJC_MSGSEND = YES;
				ENABLE_TESTABILITY = YES;
				GCC_C_LANGUAGE_STANDARD = gnu11;
				GCC_DYNAMIC_NO_PIC = NO;
				GCC_NO_COMMON_BLOCKS = YES;
				GCC_OPTIMIZATION_LEVEL = 0;
				GCC_PREPROCESSOR_DEFINITIONS = (
					"DEBUG=1",
					"$(inherited)",
				);
				GCC_WARN_64_TO_32_BIT_CONVERSION = YES;
				GCC_WARN_ABOUT_RETURN_TYPE = YES_ERROR;
				GCC_WARN_UNDECLARED_SELECTOR = YES;
				GCC_WARN_UNINITIALIZED_AUTOS = YES_AGGRESSIVE;
				GCC_WARN_UNUSED_FUNCTION = YES;
				GCC_WARN_UNUSED_VARIABLE = YES;
				IPHONEOS_DEPLOYMENT_TARGET = 14.4;
				MTL_ENABLE_DEBUG_INFO = INCLUDE_SOURCE;
				MTL_FAST_MATH = YES;
				ONLY_ACTIVE_ARCH = YES;
				SDKROOT = iphoneos;
				SWIFT_ACTIVE_COMPILATION_CONDITIONS = DEBUG;
				SWIFT_OPTIMIZATION_LEVEL = "-Onone";
			};
			name = Debug;
		};
		918B311F27C3434A00AD46F1 /* Release */ = {
			isa = XCBuildConfiguration;
			buildSettings = {
				ALWAYS_SEARCH_USER_PATHS = NO;
				CLANG_ANALYZER_NONNULL = YES;
				CLANG_ANALYZER_NUMBER_OBJECT_CONVERSION = YES_AGGRESSIVE;
				CLANG_CXX_LANGUAGE_STANDARD = "gnu++14";
				CLANG_CXX_LIBRARY = "libc++";
				CLANG_ENABLE_MODULES = YES;
				CLANG_ENABLE_OBJC_ARC = YES;
				CLANG_ENABLE_OBJC_WEAK = YES;
				CLANG_WARN_BLOCK_CAPTURE_AUTORELEASING = YES;
				CLANG_WARN_BOOL_CONVERSION = YES;
				CLANG_WARN_COMMA = YES;
				CLANG_WARN_CONSTANT_CONVERSION = YES;
				CLANG_WARN_DEPRECATED_OBJC_IMPLEMENTATIONS = YES;
				CLANG_WARN_DIRECT_OBJC_ISA_USAGE = YES_ERROR;
				CLANG_WARN_DOCUMENTATION_COMMENTS = YES;
				CLANG_WARN_EMPTY_BODY = YES;
				CLANG_WARN_ENUM_CONVERSION = YES;
				CLANG_WARN_INFINITE_RECURSION = YES;
				CLANG_WARN_INT_CONVERSION = YES;
				CLANG_WARN_NON_LITERAL_NULL_CONVERSION = YES;
				CLANG_WARN_OBJC_IMPLICIT_RETAIN_SELF = YES;
				CLANG_WARN_OBJC_LITERAL_CONVERSION = YES;
				CLANG_WARN_OBJC_ROOT_CLASS = YES_ERROR;
				CLANG_WARN_QUOTED_INCLUDE_IN_FRAMEWORK_HEADER = YES;
				CLANG_WARN_RANGE_LOOP_ANALYSIS = YES;
				CLANG_WARN_STRICT_PROTOTYPES = YES;
				CLANG_WARN_SUSPICIOUS_MOVE = YES;
				CLANG_WARN_UNGUARDED_AVAILABILITY = YES_AGGRESSIVE;
				CLANG_WARN_UNREACHABLE_CODE = YES;
				CLANG_WARN__DUPLICATE_METHOD_MATCH = YES;
				COPY_PHASE_STRIP = NO;
				DEBUG_INFORMATION_FORMAT = "dwarf-with-dsym";
				ENABLE_NS_ASSERTIONS = NO;
				ENABLE_STRICT_OBJC_MSGSEND = YES;
				GCC_C_LANGUAGE_STANDARD = gnu11;
				GCC_NO_COMMON_BLOCKS = YES;
				GCC_WARN_64_TO_32_BIT_CONVERSION = YES;
				GCC_WARN_ABOUT_RETURN_TYPE = YES_ERROR;
				GCC_WARN_UNDECLARED_SELECTOR = YES;
				GCC_WARN_UNINITIALIZED_AUTOS = YES_AGGRESSIVE;
				GCC_WARN_UNUSED_FUNCTION = YES;
				GCC_WARN_UNUSED_VARIABLE = YES;
				IPHONEOS_DEPLOYMENT_TARGET = 14.4;
				MTL_ENABLE_DEBUG_INFO = NO;
				MTL_FAST_MATH = YES;
				SDKROOT = iphoneos;
				SWIFT_COMPILATION_MODE = wholemodule;
				SWIFT_OPTIMIZATION_LEVEL = "-O";
				VALIDATE_PRODUCT = YES;
			};
			name = Release;
		};
		918B312127C3434A00AD46F1 /* Debug */ = {
			isa = XCBuildConfiguration;
			buildSettings = {
				ASSETCATALOG_COMPILER_APPICON_NAME = AppIcon;
				ASSETCATALOG_COMPILER_GLOBAL_ACCENT_COLOR_NAME = AccentColor;
				CODE_SIGN_STYLE = Automatic;
				INFOPLIST_FILE = LearnAlgorithrn/Info.plist;
				LD_RUNPATH_SEARCH_PATHS = (
					"$(inherited)",
					"@executable_path/Frameworks",
				);
				PRODUCT_BUNDLE_IDENTIFIER = hu.LearnAlgorithrn;
				PRODUCT_NAME = "$(TARGET_NAME)";
				SWIFT_VERSION = 5.0;
				TARGETED_DEVICE_FAMILY = "1,2";
			};
			name = Debug;
		};
		918B312227C3434A00AD46F1 /* Release */ = {
			isa = XCBuildConfiguration;
			buildSettings = {
				ASSETCATALOG_COMPILER_APPICON_NAME = AppIcon;
				ASSETCATALOG_COMPILER_GLOBAL_ACCENT_COLOR_NAME = AccentColor;
				CODE_SIGN_STYLE = Automatic;
				INFOPLIST_FILE = LearnAlgorithrn/Info.plist;
				LD_RUNPATH_SEARCH_PATHS = (
					"$(inherited)",
					"@executable_path/Frameworks",
				);
				PRODUCT_BUNDLE_IDENTIFIER = hu.LearnAlgorithrn;
				PRODUCT_NAME = "$(TARGET_NAME)";
				SWIFT_VERSION = 5.0;
				TARGETED_DEVICE_FAMILY = "1,2";
			};
			name = Release;
		};
/* End XCBuildConfiguration section */

/* Begin XCConfigurationList section */
		918B310727C3434600AD46F1 /* Build configuration list for PBXProject "LearnAlgorithrn" */ = {
			isa = XCConfigurationList;
			buildConfigurations = (
				918B311E27C3434A00AD46F1 /* Debug */,
				918B311F27C3434A00AD46F1 /* Release */,
			);
			defaultConfigurationIsVisible = 0;
			defaultConfigurationName = Release;
		};
		918B312027C3434A00AD46F1 /* Build configuration list for PBXNativeTarget "LearnAlgorithrn" */ = {
			isa = XCConfigurationList;
			buildConfigurations = (
				918B312127C3434A00AD46F1 /* Debug */,
				918B312227C3434A00AD46F1 /* Release */,
			);
			defaultConfigurationIsVisible = 0;
			defaultConfigurationName = Release;
		};
/* End XCConfigurationList section */

/* Begin XCRemoteSwiftPackageReference section */
		91212EF227C6113B00501343 /* XCRemoteSwiftPackageReference "SwiftyForm" */ = {
			isa = XCRemoteSwiftPackageReference;
			repositoryURL = "https://github.com/jackiehu/SwiftyForm.git";
			requirement = {
				kind = upToNextMajorVersion;
				minimumVersion = 1.0.8;
			};
		};
/* End XCRemoteSwiftPackageReference section */

/* Begin XCSwiftPackageProductDependency section */
		91212EF327C6113B00501343 /* SwiftyForm */ = {
			isa = XCSwiftPackageProductDependency;
			package = 91212EF227C6113B00501343 /* XCRemoteSwiftPackageReference "SwiftyForm" */;
			productName = SwiftyForm;
		};
/* End XCSwiftPackageProductDependency section */
	};
	rootObject = 918B310427C3434600AD46F1 /* Project object */;
}
